// !$*UTF8*$!
{
	archiveVersion = 1;
	classes = {
	};
	objectVersion = 46;
	objects = {

/* Begin PBXBuildFile section */
		AC9388A916B8B8B3002871E4 /* UIKit.framework in Frameworks */ = {isa = PBXBuildFile; fileRef = AC9388A816B8B8B3002871E4 /* UIKit.framework */; };
		AC9388AB16B8B8B3002871E4 /* Foundation.framework in Frameworks */ = {isa = PBXBuildFile; fileRef = AC9388AA16B8B8B3002871E4 /* Foundation.framework */; };
		AC9388AD16B8B8B3002871E4 /* CoreGraphics.framework in Frameworks */ = {isa = PBXBuildFile; fileRef = AC9388AC16B8B8B3002871E4 /* CoreGraphics.framework */; };
		AC9388B316B8B8B3002871E4 /* InfoPlist.strings in Resources */ = {isa = PBXBuildFile; fileRef = AC9388B116B8B8B3002871E4 /* InfoPlist.strings */; };
		AC9388B516B8B8B3002871E4 /* main.m in Sources */ = {isa = PBXBuildFile; fileRef = AC9388B416B8B8B3002871E4 /* main.m */; };
		AC9388B916B8B8B3002871E4 /* CSSAppDelegate.m in Sources */ = {isa = PBXBuildFile; fileRef = AC9388B816B8B8B3002871E4 /* CSSAppDelegate.m */; };
		AC9388BB16B8B8B3002871E4 /* Default.png in Resources */ = {isa = PBXBuildFile; fileRef = AC9388BA16B8B8B3002871E4 /* Default.png */; };
		AC9388BD16B8B8B3002871E4 /* Default@2x.png in Resources */ = {isa = PBXBuildFile; fileRef = AC9388BC16B8B8B3002871E4 /* Default@2x.png */; };
		AC9388BF16B8B8B3002871E4 /* Default-568h@2x.png in Resources */ = {isa = PBXBuildFile; fileRef = AC9388BE16B8B8B3002871E4 /* Default-568h@2x.png */; };
		AC9388C216B8B8B3002871E4 /* MainStoryboard_iPhone.storyboard in Resources */ = {isa = PBXBuildFile; fileRef = AC9388C016B8B8B3002871E4 /* MainStoryboard_iPhone.storyboard */; };
		AC9388C516B8B8B3002871E4 /* MainStoryboard_iPad.storyboard in Resources */ = {isa = PBXBuildFile; fileRef = AC9388C316B8B8B3002871E4 /* MainStoryboard_iPad.storyboard */; };
		AC9388C816B8B8B3002871E4 /* CSSViewController.m in Sources */ = {isa = PBXBuildFile; fileRef = AC9388C716B8B8B3002871E4 /* CSSViewController.m */; };
/* End PBXBuildFile section */

/* Begin PBXFileReference section */
		AC9388A416B8B8B3002871E4 /* SaudeGeo.app */ = {isa = PBXFileReference; explicitFileType = wrapper.application; includeInIndex = 0; path = SaudeGeo.app; sourceTree = BUILT_PRODUCTS_DIR; };
		AC9388A816B8B8B3002871E4 /* UIKit.framework */ = {isa = PBXFileReference; lastKnownFileType = wrapper.framework; name = UIKit.framework; path = System/Library/Frameworks/UIKit.framework; sourceTree = SDKROOT; };
		AC9388AA16B8B8B3002871E4 /* Foundation.framework */ = {isa = PBXFileReference; lastKnownFileType = wrapper.framework; name = Foundation.framework; path = System/Library/Frameworks/Foundation.framework; sourceTree = SDKROOT; };
		AC9388AC16B8B8B3002871E4 /* CoreGraphics.framework */ = {isa = PBXFileReference; lastKnownFileType = wrapper.framework; name = CoreGraphics.framework; path = System/Library/Frameworks/CoreGraphics.framework; sourceTree = SDKROOT; };
		AC9388B016B8B8B3002871E4 /* SaudeGeo-Info.plist */ = {isa = PBXFileReference; lastKnownFileType = text.plist.xml; path = "SaudeGeo-Info.plist"; sourceTree = "<group>"; };
		AC9388B216B8B8B3002871E4 /* en */ = {isa = PBXFileReference; lastKnownFileType = text.plist.strings; name = en; path = en.lproj/InfoPlist.strings; sourceTree = "<group>"; };
		AC9388B416B8B8B3002871E4 /* main.m */ = {isa = PBXFileReference; lastKnownFileType = sourcecode.c.objc; path = main.m; sourceTree = "<group>"; };
		AC9388B616B8B8B3002871E4 /* SaudeGeo-Prefix.pch */ = {isa = PBXFileReference; lastKnownFileType = sourcecode.c.h; path = "SaudeGeo-Prefix.pch"; sourceTree = "<group>"; };
		AC9388B716B8B8B3002871E4 /* CSSAppDelegate.h */ = {isa = PBXFileReference; lastKnownFileType = sourcecode.c.h; path = CSSAppDelegate.h; sourceTree = "<group>"; };
		AC9388B816B8B8B3002871E4 /* CSSAppDelegate.m */ = {isa = PBXFileReference; lastKnownFileType = sourcecode.c.objc; path = CSSAppDelegate.m; sourceTree = "<group>"; };
		AC9388BA16B8B8B3002871E4 /* Default.png */ = {isa = PBXFileReference; lastKnownFileType = image.png; path = Default.png; sourceTree = "<group>"; };
		AC9388BC16B8B8B3002871E4 /* Default@2x.png */ = {isa = PBXFileReference; lastKnownFileType = image.png; path = "Default@2x.png"; sourceTree = "<group>"; };
		AC9388BE16B8B8B3002871E4 /* Default-568h@2x.png */ = {isa = PBXFileReference; lastKnownFileType = image.png; path = "Default-568h@2x.png"; sourceTree = "<group>"; };
		AC9388C116B8B8B3002871E4 /* en */ = {isa = PBXFileReference; lastKnownFileType = file.storyboard; name = en; path = en.lproj/MainStoryboard_iPhone.storyboard; sourceTree = "<group>"; };
		AC9388C416B8B8B3002871E4 /* en */ = {isa = PBXFileReference; lastKnownFileType = file.storyboard; name = en; path = en.lproj/MainStoryboard_iPad.storyboard; sourceTree = "<group>"; };
		AC9388C616B8B8B3002871E4 /* CSSViewController.h */ = {isa = PBXFileReference; lastKnownFileType = sourcecode.c.h; path = CSSViewController.h; sourceTree = "<group>"; };
		AC9388C716B8B8B3002871E4 /* CSSViewController.m */ = {isa = PBXFileReference; lastKnownFileType = sourcecode.c.objc; path = CSSViewController.m; sourceTree = "<group>"; };
/* End PBXFileReference section */

/* Begin PBXFrameworksBuildPhase section */
		AC9388A116B8B8B3002871E4 /* Frameworks */ = {
			isa = PBXFrameworksBuildPhase;
			buildActionMask = 2147483647;
			files = (
				AC9388A916B8B8B3002871E4 /* UIKit.framework in Frameworks */,
				AC9388AB16B8B8B3002871E4 /* Foundation.framework in Frameworks */,
				AC9388AD16B8B8B3002871E4 /* CoreGraphics.framework in Frameworks */,
			);
			runOnlyForDeploymentPostprocessing = 0;
		};
/* End PBXFrameworksBuildPhase section */

/* Begin PBXGroup section */
		AC93889916B8B8B3002871E4 = {
			isa = PBXGroup;
			children = (
				AC9388AE16B8B8B3002871E4 /* SaudeGeo */,
				AC9388A716B8B8B3002871E4 /* Frameworks */,
				AC9388A516B8B8B3002871E4 /* Products */,
			);
			sourceTree = "<group>";
		};
		AC9388A516B8B8B3002871E4 /* Products */ = {
			isa = PBXGroup;
			children = (
				AC9388A416B8B8B3002871E4 /* SaudeGeo.app */,
			);
			name = Products;
			sourceTree = "<group>";
		};
		AC9388A716B8B8B3002871E4 /* Frameworks */ = {
			isa = PBXGroup;
			children = (
				AC9388A816B8B8B3002871E4 /* UIKit.framework */,
				AC9388AA16B8B8B3002871E4 /* Foundation.framework */,
				AC9388AC16B8B8B3002871E4 /* CoreGraphics.framework */,
			);
			name = Frameworks;
			sourceTree = "<group>";
		};
		AC9388AE16B8B8B3002871E4 /* SaudeGeo */ = {
			isa = PBXGroup;
			children = (
				AC9388B716B8B8B3002871E4 /* CSSAppDelegate.h */,
				AC9388B816B8B8B3002871E4 /* CSSAppDelegate.m */,
				AC9388C016B8B8B3002871E4 /* MainStoryboard_iPhone.storyboard */,
				AC9388C316B8B8B3002871E4 /* MainStoryboard_iPad.storyboard */,
				AC9388C616B8B8B3002871E4 /* CSSViewController.h */,
				AC9388C716B8B8B3002871E4 /* CSSViewController.m */,
				AC9388AF16B8B8B3002871E4 /* Supporting Files */,
			);
			path = SaudeGeo;
			sourceTree = "<group>";
		};
		AC9388AF16B8B8B3002871E4 /* Supporting Files */ = {
			isa = PBXGroup;
			children = (
				AC9388B016B8B8B3002871E4 /* SaudeGeo-Info.plist */,
				AC9388B116B8B8B3002871E4 /* InfoPlist.strings */,
				AC9388B416B8B8B3002871E4 /* main.m */,
				AC9388B616B8B8B3002871E4 /* SaudeGeo-Prefix.pch */,
				AC9388BA16B8B8B3002871E4 /* Default.png */,
				AC9388BC16B8B8B3002871E4 /* Default@2x.png */,
				AC9388BE16B8B8B3002871E4 /* Default-568h@2x.png */,
			);
			name = "Supporting Files";
			sourceTree = "<group>";
		};
/* End PBXGroup section */

/* Begin PBXNativeTarget section */
		AC9388A316B8B8B3002871E4 /* SaudeGeo */ = {
			isa = PBXNativeTarget;
			buildConfigurationList = AC9388CB16B8B8B3002871E4 /* Build configuration list for PBXNativeTarget "SaudeGeo" */;
			buildPhases = (
				AC9388A016B8B8B3002871E4 /* Sources */,
				AC9388A116B8B8B3002871E4 /* Frameworks */,
				AC9388A216B8B8B3002871E4 /* Resources */,
			);
			buildRules = (
			);
			dependencies = (
			);
			name = SaudeGeo;
			productName = SaudeGeo;
			productReference = AC9388A416B8B8B3002871E4 /* SaudeGeo.app */;
			productType = "com.apple.product-type.application";
		};
/* End PBXNativeTarget section */

/* Begin PBXProject section */
		AC93889B16B8B8B3002871E4 /* Project object */ = {
			isa = PBXProject;
			attributes = {
				CLASSPREFIX = CSS;
				LastUpgradeCheck = 0450;
				ORGANIZATIONNAME = "Cleber Santana Souza";
			};
			buildConfigurationList = AC93889E16B8B8B3002871E4 /* Build configuration list for PBXProject "SaudeGeo" */;
			compatibilityVersion = "Xcode 3.2";
			developmentRegion = English;
			hasScannedForEncodings = 0;
			knownRegions = (
				en,
			);
			mainGroup = AC93889916B8B8B3002871E4;
			productRefGroup = AC9388A516B8B8B3002871E4 /* Products */;
			projectDirPath = "";
			projectRoot = "";
			targets = (
				AC9388A316B8B8B3002871E4 /* SaudeGeo */,
			);
		};
/* End PBXProject section */

/* Begin PBXResourcesBuildPhase section */
		AC9388A216B8B8B3002871E4 /* Resources */ = {
			isa = PBXResourcesBuildPhase;
			buildActionMask = 2147483647;
			files = (
				AC9388B316B8B8B3002871E4 /* InfoPlist.strings in Resources */,
				AC9388BB16B8B8B3002871E4 /* Default.png in Resources */,
				AC9388BD16B8B8B3002871E4 /* Default@2x.png in Resources */,
				AC9388BF16B8B8B3002871E4 /* Default-568h@2x.png in Resources */,
				AC9388C216B8B8B3002871E4 /* MainStoryboard_iPhone.storyboard in Resources */,
				AC9388C516B8B8B3002871E4 /* MainStoryboard_iPad.storyboard in Resources */,
			);
			runOnlyForDeploymentPostprocessing = 0;
		};
/* End PBXResourcesBuildPhase section */

/* Begin PBXSourcesBuildPhase section */
		AC9388A016B8B8B3002871E4 /* Sources */ = {
			isa = PBXSourcesBuildPhase;
			buildActionMask = 2147483647;
			files = (
				AC9388B516B8B8B3002871E4 /* main.m in Sources */,
				AC9388B916B8B8B3002871E4 /* CSSAppDelegate.m in Sources */,
				AC9388C816B8B8B3002871E4 /* CSSViewController.m in Sources */,
			);
			runOnlyForDeploymentPostprocessing = 0;
		};
/* End PBXSourcesBuildPhase section */

/* Begin PBXVariantGroup section */
		AC9388B116B8B8B3002871E4 /* InfoPlist.strings */ = {
			isa = PBXVariantGroup;
			children = (
				AC9388B216B8B8B3002871E4 /* en */,
			);
			name = InfoPlist.strings;
			sourceTree = "<group>";
		};
		AC9388C016B8B8B3002871E4 /* MainStoryboard_iPhone.storyboard */ = {
			isa = PBXVariantGroup;
			children = (
				AC9388C116B8B8B3002871E4 /* en */,
			);
			name = MainStoryboard_iPhone.storyboard;
			sourceTree = "<group>";
		};
		AC9388C316B8B8B3002871E4 /* MainStoryboard_iPad.storyboard */ = {
			isa = PBXVariantGroup;
			children = (
				AC9388C416B8B8B3002871E4 /* en */,
			);
			name = MainStoryboard_iPad.storyboard;
			sourceTree = "<group>";
		};
/* End PBXVariantGroup section */

/* Begin XCBuildConfiguration section */
		AC9388C916B8B8B3002871E4 /* Debug */ = {
			isa = XCBuildConfiguration;
			buildSettings = {
				ALWAYS_SEARCH_USER_PATHS = NO;
				CLANG_CXX_LANGUAGE_STANDARD = "gnu++0x";
				CLANG_CXX_LIBRARY = "libc++";
				CLANG_ENABLE_OBJC_ARC = YES;
				CLANG_WARN_EMPTY_BODY = YES;
				CLANG_WARN__DUPLICATE_METHOD_MATCH = YES;
				"CODE_SIGN_IDENTITY[sdk=iphoneos*]" = "iPhone Developer";
				COPY_PHASE_STRIP = NO;
				GCC_C_LANGUAGE_STANDARD = gnu99;
				GCC_DYNAMIC_NO_PIC = NO;
				GCC_OPTIMIZATION_LEVEL = 0;
				GCC_PREPROCESSOR_DEFINITIONS = (
					"DEBUG=1",
					"$(inherited)",
				);
				GCC_SYMBOLS_PRIVATE_EXTERN = NO;
				GCC_WARN_ABOUT_RETURN_TYPE = YES;
				GCC_WARN_UNINITIALIZED_AUTOS = YES;
				GCC_WARN_UNUSED_VARIABLE = YES;
				IPHONEOS_DEPLOYMENT_TARGET = 6.0;
				ONLY_ACTIVE_ARCH = YES;
				SDKROOT = iphoneos;
				TARGETED_DEVICE_FAMILY = "1,2";
			};
			name = Debug;
		};
		AC9388CA16B8B8B3002871E4 /* Release */ = {
			isa = XCBuildConfiguration;
			buildSettings = {
				ALWAYS_SEARCH_USER_PATHS = NO;
				CLANG_CXX_LANGUAGE_STANDARD = "gnu++0x";
				CLANG_CXX_LIBRARY = "libc++";
				CLANG_ENABLE_OBJC_ARC = YES;
				CLANG_WARN_EMPTY_BODY = YES;
				CLANG_WARN__DUPLICATE_METHOD_MATCH = YES;
				"CODE_SIGN_IDENTITY[sdk=iphoneos*]" = "iPhone Developer";
				COPY_PHASE_STRIP = YES;
				GCC_C_LANGUAGE_STANDARD = gnu99;
				GCC_WARN_ABOUT_RETURN_TYPE = YES;
				GCC_WARN_UNINITIALIZED_AUTOS = YES;
				GCC_WARN_UNUSED_VARIABLE = YES;
				IPHONEOS_DEPLOYMENT_TARGET = 6.0;
				OTHER_CFLAGS = "-DNS_BLOCK_ASSERTIONS=1";
				SDKROOT = iphoneos;
				TARGETED_DEVICE_FAMILY = "1,2";
				VALIDATE_PRODUCT = YES;
			};
			name = Release;
		};
		AC9388CC16B8B8B3002871E4 /* Debug */ = {
			isa = XCBuildConfiguration;
			buildSettings = {
				GCC_PRECOMPILE_PREFIX_HEADER = YES;
				GCC_PREFIX_HEADER = "SaudeGeo/SaudeGeo-Prefix.pch";
				INFOPLIST_FILE = "SaudeGeo/SaudeGeo-Info.plist";
				PRODUCT_NAME = "$(TARGET_NAME)";
				WRAPPER_EXTENSION = app;
			};
			name = Debug;
		};
		AC9388CD16B8B8B3002871E4 /* Release */ = {
			isa = XCBuildConfiguration;
			buildSettings = {
				GCC_PRECOMPILE_PREFIX_HEADER = YES;
				GCC_PREFIX_HEADER = "SaudeGeo/SaudeGeo-Prefix.pch";
				INFOPLIST_FILE = "SaudeGeo/SaudeGeo-Info.plist";
				PRODUCT_NAME = "$(TARGET_NAME)";
				WRAPPER_EXTENSION = app;
			};
			name = Release;
		};
/* End XCBuildConfiguration section */

/* Begin XCConfigurationList section */
		AC93889E16B8B8B3002871E4 /* Build configuration list for PBXProject "SaudeGeo" */ = {
			isa = XCConfigurationList;
			buildConfigurations = (
				AC9388C916B8B8B3002871E4 /* Debug */,
				AC9388CA16B8B8B3002871E4 /* Release */,
			);
			defaultConfigurationIsVisible = 0;
			defaultConfigurationName = Release;
		};
		AC9388CB16B8B8B3002871E4 /* Build configuration list for PBXNativeTarget "SaudeGeo" */ = {
			isa = XCConfigurationList;
			buildConfigurations = (
				AC9388CC16B8B8B3002871E4 /* Debug */,
				AC9388CD16B8B8B3002871E4 /* Release */,
			);
			defaultConfigurationIsVisible = 0;
		};
/* End XCConfigurationList section */
	};
	rootObject = AC93889B16B8B8B3002871E4 /* Project object */;
}
